
Microsoft Visual Studio Solution File, Format Version 12.00
# Visual Studio Version 17
VisualStudioVersion = 17.7.34031.279
MinimumVisualStudioVersion = 10.0.40219.1
Project("{FAE04EC0-301F-11D3-BF4B-00C04F79EFBC}") = "BubbleSort", "BubbleSort\BubbleSort.csproj", "{BA04A236-F021-4047-86E3-29FA7625EE5A}"
EndProject
Global
	GlobalSection(SolutionConfigurationPlatforms) = preSolution
		Debug|Any CPU = Debug|Any CPU
		Release|Any CPU = Release|Any CPU
	EndGlobalSection
	GlobalSection(ProjectConfigurationPlatforms) = postSolution
		{BA04A236-F021-4047-86E3-29FA7625EE5A}.Debug|Any CPU.ActiveCfg = Debug|Any CPU
		{BA04A236-F021-4047-86E3-29FA7625EE5A}.Debug|Any CPU.Build.0 = Debug|Any CPU
		{BA04A236-F021-4047-86E3-29FA7625EE5A}.Release|Any CPU.ActiveCfg = Release|Any CPU
		{BA04A236-F021-4047-86E3-29FA7625EE5A}.Release|Any CPU.Build.0 = Release|Any CPU
	EndGlobalSection
	GlobalSection(SolutionProperties) = preSolution
		HideSolutionNode = FALSE
	EndGlobalSection
	GlobalSection(ExtensibilityGlobals) = postSolution
		SolutionGuid = {0A8C0AF5-6F97-4BB3-8FC1-9D170CB4ED24}
	EndGlobalSection
EndGlobal
